<?xml version="1.0" encoding="utf-8"?>
<Project ToolsVersion="4.0" xmlns="http://schemas.microsoft.com/developer/msbuild/2003">
  <ItemGroup>
    <Filter Include="Source Files">
      <UniqueIdentifier>{4FC737F1-C7A5-4376-A066-2A32D752A2FF}</UniqueIdentifier>
      <Extensions>cpp;c;cc;cxx;def;odl;idl;hpj;bat;asm;asmx</Extensions>
    </Filter>
    <Filter Include="Header Files">
      <UniqueIdentifier>{93995380-89BD-4b04-88EB-625FBE52EBFB}</UniqueIdentifier>
      <Extensions>h;hpp;hxx;hm;inl;inc;xsd</Extensions>
    </Filter>
    <Filter Include="Resource Files">
      <UniqueIdentifier>{67DA6AB6-F800-4c08-8B7A-83BB121AAD01}</UniqueIdentifier>
      <Extensions>rc;ico;cur;bmp;dlg;rc2;rct;bin;rgs;gif;jpg;jpeg;jpe;resx;tiff;tif;png;wav;mfcribbon-ms</Extensions>
    </Filter>
    <Filter Include="DLL">
      <UniqueIdentifier>{243dcd75-7d16-464f-93fd-a4439986554f}</UniqueIdentifier>
    </Filter>
  </ItemGroup>
  <ItemGroup>
    <None Include="ReadMe.txt" />
    <None Include="res\PCRProject.rc2">
      <Filter>Resource Files</Filter>
    </None>
    <None Include="res\PCRProject.ico">
      <Filter>Resource Files</Filter>
    </None>
    <None Include="ClassDiagram1.cd" />
    <None Include="chart\ChartCtrl\ChartBalloonLabel.inl">
      <Filter>Header Files</Filter>
    </None>
    <None Include="chart\ChartCtrl\ChartLabel.inl">
      <Filter>Header Files</Filter>
    </None>
    <None Include="chart\ChartCtrl\ChartPointsArray.inl">
      <Filter>Header Files</Filter>
    </None>
    <None Include="chart\ChartCtrl\ChartSerieBase.inl">
      <Filter>Header Files</Filter>
    </None>
    <None Include="json\src\json_valueiterator.inl">
      <Filter>Source Files</Filter>
    </None>
  </ItemGroup>
  <ItemGroup>
    <ClInclude Include="PCRProject.h">
      <Filter>Header Files</Filter>
    </ClInclude>
    <ClInclude Include="PCRProjectDlg.h">
      <Filter>Header Files</Filter>
    </ClInclude>
    <ClInclude Include="stdafx.h">
      <Filter>Header Files</Filter>
    </ClInclude>
    <ClInclude Include="targetver.h">
      <Filter>Header Files</Filter>
    </ClInclude>
    <ClInclude Include="Resource.h">
      <Filter>Header Files</Filter>
    </ClInclude>
    <ClInclude Include="RegDlg.h">
      <Filter>Header Files</Filter>
    </ClInclude>
    <ClInclude Include="GraDlg.h">
      <Filter>Header Files</Filter>
    </ClInclude>
    <ClInclude Include="TrimDlg.h">
      <Filter>Header Files</Filter>
    </ClInclude>
    <ClInclude Include="IntTimeDlg.h">
      <Filter>Header Files</Filter>
    </ClInclude>
    <ClInclude Include="OperationDlg.h">
      <Filter>Header Files</Filter>
    </ClInclude>
    <ClInclude Include="ManuDlg.h">
      <Filter>Header Files</Filter>
    </ClInclude>
    <ClInclude Include="ParsaveDlg.h">
      <Filter>Header Files</Filter>
    </ClInclude>
    <ClInclude Include="VersionShow.h">
      <Filter>Header Files</Filter>
    </ClInclude>
    <ClInclude Include="TrimReader.h">
      <Filter>Header Files</Filter>
    </ClInclude>
    <ClInclude Include="CurveShow.h">
      <Filter>Header Files</Filter>
    </ClInclude>
    <ClInclude Include="chart\fit.h">
      <Filter>Header Files</Filter>
    </ClInclude>
    <ClInclude Include="chart\ChartCtrl\ChartAxis.h">
      <Filter>Header Files</Filter>
    </ClInclude>
    <ClInclude Include="chart\ChartCtrl\ChartAxisLabel.h">
      <Filter>Header Files</Filter>
    </ClInclude>
    <ClInclude Include="chart\ChartCtrl\ChartBalloonLabel.h">
      <Filter>Header Files</Filter>
    </ClInclude>
    <ClInclude Include="chart\ChartCtrl\ChartBarSerie.h">
      <Filter>Header Files</Filter>
    </ClInclude>
    <ClInclude Include="chart\ChartCtrl\ChartCandlestickSerie.h">
      <Filter>Header Files</Filter>
    </ClInclude>
    <ClInclude Include="chart\ChartCtrl\ChartCrossHairCursor.h">
      <Filter>Header Files</Filter>
    </ClInclude>
    <ClInclude Include="chart\ChartCtrl\ChartCtrl.h">
      <Filter>Header Files</Filter>
    </ClInclude>
    <ClInclude Include="chart\ChartCtrl\ChartCursor.h">
      <Filter>Header Files</Filter>
    </ClInclude>
    <ClInclude Include="chart\ChartCtrl\ChartDateTimeAxis.h">
      <Filter>Header Files</Filter>
    </ClInclude>
    <ClInclude Include="chart\ChartCtrl\ChartDragLineCursor.h">
      <Filter>Header Files</Filter>
    </ClInclude>
    <ClInclude Include="chart\ChartCtrl\ChartFont.h">
      <Filter>Header Files</Filter>
    </ClInclude>
    <ClInclude Include="chart\ChartCtrl\ChartGanttSerie.h">
      <Filter>Header Files</Filter>
    </ClInclude>
    <ClInclude Include="chart\ChartCtrl\ChartGradient.h">
      <Filter>Header Files</Filter>
    </ClInclude>
    <ClInclude Include="chart\ChartCtrl\ChartGrid.h">
      <Filter>Header Files</Filter>
    </ClInclude>
    <ClInclude Include="chart\ChartCtrl\ChartLabel.h">
      <Filter>Header Files</Filter>
    </ClInclude>
    <ClInclude Include="chart\ChartCtrl\ChartLegend.h">
      <Filter>Header Files</Filter>
    </ClInclude>
    <ClInclude Include="chart\ChartCtrl\ChartLineSerie.h">
      <Filter>Header Files</Filter>
    </ClInclude>
    <ClInclude Include="chart\ChartCtrl\ChartLogarithmicAxis.h">
      <Filter>Header Files</Filter>
    </ClInclude>
    <ClInclude Include="chart\ChartCtrl\ChartMouseListener.h">
      <Filter>Header Files</Filter>
    </ClInclude>
    <ClInclude Include="chart\ChartCtrl\ChartPointsArray.h">
      <Filter>Header Files</Filter>
    </ClInclude>
    <ClInclude Include="chart\ChartCtrl\ChartPointsSerie.h">
      <Filter>Header Files</Filter>
    </ClInclude>
    <ClInclude Include="chart\ChartCtrl\ChartScrollBar.h">
      <Filter>Header Files</Filter>
    </ClInclude>
    <ClInclude Include="chart\ChartCtrl\ChartSerie.h">
      <Filter>Header Files</Filter>
    </ClInclude>
    <ClInclude Include="chart\ChartCtrl\ChartSerieBase.h">
      <Filter>Header Files</Filter>
    </ClInclude>
    <ClInclude Include="chart\ChartCtrl\ChartSeriesMouseListener.h">
      <Filter>Header Files</Filter>
    </ClInclude>
    <ClInclude Include="chart\ChartCtrl\ChartStandardAxis.h">
      <Filter>Header Files</Filter>
    </ClInclude>
    <ClInclude Include="chart\ChartCtrl\ChartString.h">
      <Filter>Header Files</Filter>
    </ClInclude>
    <ClInclude Include="chart\ChartCtrl\ChartSurfaceSerie.h">
      <Filter>Header Files</Filter>
    </ClInclude>
    <ClInclude Include="chart\ChartCtrl\ChartTitle.h">
      <Filter>Header Files</Filter>
    </ClInclude>
    <ClInclude Include="chart\ChartCtrl\ChartXYSerie.h">
      <Filter>Header Files</Filter>
    </ClInclude>
    <ClInclude Include="chart\ChartCtrl\PointsOrdering.h">
      <Filter>Header Files</Filter>
    </ClInclude>
    <ClInclude Include="TempCtrlModel.h">
      <Filter>Header Files</Filter>
    </ClInclude>
    <ClInclude Include="CVodStreamCache.h">
      <Filter>Header Files</Filter>
    </ClInclude>
    <ClInclude Include="TheTestDlg.h">
      <Filter>Header Files</Filter>
    </ClInclude>
    <ClInclude Include="TempDlg.h">
      <Filter>Header Files</Filter>
    </ClInclude>
    <ClInclude Include="abaoExcel.h">
      <Filter>Header Files</Filter>
    </ClInclude>
    <ClInclude Include="excel.h">
      <Filter>Header Files</Filter>
    </ClInclude>
    <ClInclude Include="FuncMenuDlg.h">
      <Filter>Header Files</Filter>
    </ClInclude>
    <ClInclude Include="DeviceInfoDlg.h">
      <Filter>Header Files</Filter>
    </ClInclude>
    <ClInclude Include="common.h">
      <Filter>Header Files</Filter>
    </ClInclude>
    <ClInclude Include="DataSource.h">
      <Filter>Header Files</Filter>
    </ClInclude>
    <ClInclude Include="json\json.h">
      <Filter>Header Files</Filter>
    </ClInclude>
    <ClInclude Include="json\src\json_tool.h">
      <Filter>Source Files</Filter>
    </ClInclude>
  </ItemGroup>
  <ItemGroup>
    <ClCompile Include="PCRProject.cpp">
      <Filter>Source Files</Filter>
    </ClCompile>
    <ClCompile Include="PCRProjectDlg.cpp">
      <Filter>Source Files</Filter>
    </ClCompile>
    <ClCompile Include="stdafx.cpp">
      <Filter>Source Files</Filter>
    </ClCompile>
    <ClCompile Include="RegDlg.cpp">
      <Filter>Source Files</Filter>
    </ClCompile>
    <ClCompile Include="GraDlg.cpp">
      <Filter>Source Files</Filter>
    </ClCompile>
    <ClCompile Include="TrimDlg.cpp">
      <Filter>Source Files</Filter>
    </ClCompile>
    <ClCompile Include="IntTimeDlg.cpp">
      <Filter>Source Files</Filter>
    </ClCompile>
    <ClCompile Include="OperationDlg.cpp">
      <Filter>Source Files</Filter>
    </ClCompile>
    <ClCompile Include="ManuDlg.cpp">
      <Filter>Source Files</Filter>
    </ClCompile>
    <ClCompile Include="ParsaveDlg.cpp">
      <Filter>Source Files</Filter>
    </ClCompile>
    <ClCompile Include="VersionShow.cpp">
      <Filter>Source Files</Filter>
    </ClCompile>
    <ClCompile Include="TrimReader.cpp">
      <Filter>Source Files</Filter>
    </ClCompile>
    <ClCompile Include="CurveShow.cpp">
      <Filter>Source Files</Filter>
    </ClCompile>
    <ClCompile Include="chart\ChartCtrl\ChartAxis.cpp">
      <Filter>Source Files</Filter>
    </ClCompile>
    <ClCompile Include="chart\ChartCtrl\ChartAxisLabel.cpp">
      <Filter>Source Files</Filter>
    </ClCompile>
    <ClCompile Include="chart\ChartCtrl\ChartBarSerie.cpp">
      <Filter>Source Files</Filter>
    </ClCompile>
    <ClCompile Include="chart\ChartCtrl\ChartCandlestickSerie.cpp">
      <Filter>Source Files</Filter>
    </ClCompile>
    <ClCompile Include="chart\ChartCtrl\ChartCrossHairCursor.cpp">
      <Filter>Source Files</Filter>
    </ClCompile>
    <ClCompile Include="chart\ChartCtrl\ChartCtrl.cpp">
      <Filter>Source Files</Filter>
    </ClCompile>
    <ClCompile Include="chart\ChartCtrl\ChartCursor.cpp">
      <Filter>Source Files</Filter>
    </ClCompile>
    <ClCompile Include="chart\ChartCtrl\ChartDateTimeAxis.cpp">
      <Filter>Source Files</Filter>
    </ClCompile>
    <ClCompile Include="chart\ChartCtrl\ChartDragLineCursor.cpp">
      <Filter>Source Files</Filter>
    </ClCompile>
    <ClCompile Include="chart\ChartCtrl\ChartFont.cpp">
      <Filter>Source Files</Filter>
    </ClCompile>
    <ClCompile Include="chart\ChartCtrl\ChartGanttSerie.cpp">
      <Filter>Source Files</Filter>
    </ClCompile>
    <ClCompile Include="chart\ChartCtrl\ChartGradient.cpp">
      <Filter>Source Files</Filter>
    </ClCompile>
    <ClCompile Include="chart\ChartCtrl\ChartGrid.cpp">
      <Filter>Source Files</Filter>
    </ClCompile>
    <ClCompile Include="chart\ChartCtrl\ChartLegend.cpp">
      <Filter>Source Files</Filter>
    </ClCompile>
    <ClCompile Include="chart\ChartCtrl\ChartLineSerie.cpp">
      <Filter>Source Files</Filter>
    </ClCompile>
    <ClCompile Include="chart\ChartCtrl\ChartLogarithmicAxis.cpp">
      <Filter>Source Files</Filter>
    </ClCompile>
    <ClCompile Include="chart\ChartCtrl\ChartPointsSerie.cpp">
      <Filter>Source Files</Filter>
    </ClCompile>
    <ClCompile Include="chart\ChartCtrl\ChartScrollBar.cpp">
      <Filter>Source Files</Filter>
    </ClCompile>
    <ClCompile Include="chart\ChartCtrl\ChartSerie.cpp">
      <Filter>Source Files</Filter>
    </ClCompile>
    <ClCompile Include="chart\ChartCtrl\ChartStandardAxis.cpp">
      <Filter>Source Files</Filter>
    </ClCompile>
    <ClCompile Include="chart\ChartCtrl\ChartSurfaceSerie.cpp">
      <Filter>Source Files</Filter>
    </ClCompile>
    <ClCompile Include="chart\ChartCtrl\ChartTitle.cpp">
      <Filter>Source Files</Filter>
    </ClCompile>
    <ClCompile Include="chart\ChartCtrl\ChartXYSerie.cpp">
      <Filter>Source Files</Filter>
    </ClCompile>
    <ClCompile Include="OperationDlg2.cpp">
      <Filter>Source Files</Filter>
    </ClCompile>
    <ClCompile Include="TempCtrlModel.cpp">
      <Filter>Source Files</Filter>
    </ClCompile>
    <ClCompile Include="MathRound.cpp">
      <Filter>Source Files</Filter>
    </ClCompile>
    <ClCompile Include="SystemConfig.cpp">
      <Filter>Source Files</Filter>
    </ClCompile>
    <ClCompile Include="Cache.cpp">
      <Filter>Source Files</Filter>
    </ClCompile>
    <ClCompile Include="CVodStreamCache.cpp">
      <Filter>Source Files</Filter>
    </ClCompile>
    <ClCompile Include="TheTestDlg.cpp">
      <Filter>Source Files</Filter>
    </ClCompile>
    <ClCompile Include="TempDlg.cpp">
      <Filter>Source Files</Filter>
    </ClCompile>
    <ClCompile Include="excel.cpp">
      <Filter>Source Files</Filter>
    </ClCompile>
    <ClCompile Include="FuncMenuDlg.cpp">
      <Filter>Source Files</Filter>
    </ClCompile>
    <ClCompile Include="DeviceInfoDlg.cpp">
      <Filter>Header Files</Filter>
    </ClCompile>
    <ClCompile Include="DataSource.cpp">
      <Filter>Source Files</Filter>
    </ClCompile>
    <ClCompile Include="json\src\json_reader.cpp">
      <Filter>Source Files</Filter>
    </ClCompile>
    <ClCompile Include="json\src\json_value.cpp">
      <Filter>Source Files</Filter>
    </ClCompile>
    <ClCompile Include="json\src\json_writer.cpp">
      <Filter>Source Files</Filter>
    </ClCompile>
  </ItemGroup>
  <ItemGroup>
    <ResourceCompile Include="PCRProject.rc">
      <Filter>Resource Files</Filter>
    </ResourceCompile>
  </ItemGroup>
</Project>